
Microsoft Visual Studio Solution File, Format Version 12.00
# Visual Studio 14
VisualStudioVersion = 14.0.25420.1
MinimumVisualStudioVersion = 10.0.40219.1
Project("{FAE04EC0-301F-11D3-BF4B-00C04F79EFBC}") = "Modelos", "Modelos\Modelos.csproj", "{6FF5E49D-4598-4818-BB33-C223BF735645}"
EndProject
Project("{FAE04EC0-301F-11D3-BF4B-00C04F79EFBC}") = "RegrasNegocio", "RegrasNegocio\RegrasNegocio.csproj", "{A60101AD-5A06-4727-9D5B-1485AE2C47E4}"
EndProject
Project("{FAE04EC0-301F-11D3-BF4B-00C04F79EFBC}") = "Persistencia", "Persistencia\Persistencia.csproj", "{A2C128AB-480F-4AE2-B42E-667DEC97D97C}"
EndProject
Project("{FAE04EC0-301F-11D3-BF4B-00C04F79EFBC}") = "Testes", "Testes\Testes.csproj", "{91B84F81-76C0-4061-861E-85879045DC42}"
EndProject
Project("{FAE04EC0-301F-11D3-BF4B-00C04F79EFBC}") = "WebApi", "WebApi\WebApi.csproj", "{2B9C333E-6ADB-404D-917A-E54663AE31F9}"
EndProject
Global
	GlobalSection(SolutionConfigurationPlatforms) = preSolution
		Debug|Any CPU = Debug|Any CPU
		Release|Any CPU = Release|Any CPU
	EndGlobalSection
	GlobalSection(ProjectConfigurationPlatforms) = postSolution
		{6FF5E49D-4598-4818-BB33-C223BF735645}.Debug|Any CPU.ActiveCfg = Debug|Any CPU
		{6FF5E49D-4598-4818-BB33-C223BF735645}.Debug|Any CPU.Build.0 = Debug|Any CPU
		{6FF5E49D-4598-4818-BB33-C223BF735645}.Release|Any CPU.ActiveCfg = Release|Any CPU
		{6FF5E49D-4598-4818-BB33-C223BF735645}.Release|Any CPU.Build.0 = Release|Any CPU
		{A60101AD-5A06-4727-9D5B-1485AE2C47E4}.Debug|Any CPU.ActiveCfg = Debug|Any CPU
		{A60101AD-5A06-4727-9D5B-1485AE2C47E4}.Debug|Any CPU.Build.0 = Debug|Any CPU
		{A60101AD-5A06-4727-9D5B-1485AE2C47E4}.Release|Any CPU.ActiveCfg = Release|Any CPU
		{A60101AD-5A06-4727-9D5B-1485AE2C47E4}.Release|Any CPU.Build.0 = Release|Any CPU
		{A2C128AB-480F-4AE2-B42E-667DEC97D97C}.Debug|Any CPU.ActiveCfg = Debug|Any CPU
		{A2C128AB-480F-4AE2-B42E-667DEC97D97C}.Debug|Any CPU.Build.0 = Debug|Any CPU
		{A2C128AB-480F-4AE2-B42E-667DEC97D97C}.Release|Any CPU.ActiveCfg = Release|Any CPU
		{A2C128AB-480F-4AE2-B42E-667DEC97D97C}.Release|Any CPU.Build.0 = Release|Any CPU
		{91B84F81-76C0-4061-861E-85879045DC42}.Debug|Any CPU.ActiveCfg = Debug|Any CPU
		{91B84F81-76C0-4061-861E-85879045DC42}.Debug|Any CPU.Build.0 = Debug|Any CPU
		{91B84F81-76C0-4061-861E-85879045DC42}.Release|Any CPU.ActiveCfg = Release|Any CPU
		{91B84F81-76C0-4061-861E-85879045DC42}.Release|Any CPU.Build.0 = Release|Any CPU
		{2B9C333E-6ADB-404D-917A-E54663AE31F9}.Debug|Any CPU.ActiveCfg = Debug|Any CPU
		{2B9C333E-6ADB-404D-917A-E54663AE31F9}.Debug|Any CPU.Build.0 = Debug|Any CPU
		{2B9C333E-6ADB-404D-917A-E54663AE31F9}.Release|Any CPU.ActiveCfg = Release|Any CPU
		{2B9C333E-6ADB-404D-917A-E54663AE31F9}.Release|Any CPU.Build.0 = Release|Any CPU
	EndGlobalSection
	GlobalSection(SolutionProperties) = preSolution
		HideSolutionNode = FALSE
	EndGlobalSection
EndGlobal
