
Microsoft Visual Studio Solution File, Format Version 12.00
# Visual Studio 14
VisualStudioVersion = 14.0.25420.1
MinimumVisualStudioVersion = 10.0.40219.1
Project("{D954291E-2A0B-460D-934E-DC6B0785DB48}") = "Modelos", "Modelos\Modelos.shproj", "{6F613229-A736-41ED-9CAF-F82A190F0017}"
EndProject
Global
	GlobalSection(SharedMSBuildProjectFiles) = preSolution
		Modelos\Modelos.projitems*{6f613229-a736-41ed-9caf-f82a190f0017}*SharedItemsImports = 13
	EndGlobalSection
	GlobalSection(SolutionProperties) = preSolution
		HideSolutionNode = FALSE
	EndGlobalSection
EndGlobal
